{
    "_readme": [
        "This file locks the dependencies of your project to a known state",
        "Read more about it at https://getcomposer.org/doc/01-basic-usage.md#composer-lock-the-lock-file",
        "This file is @generated automatically"
    ],
    "content-hash": "0954374f0ca9d6daf60e044884767810",
    "packages": [
        {
            "name": "palanik/lumen-cors",
            "version": "dev-master",
            "source": {
                "type": "git",
                "url": "https://github.com/palanik/lumen-cors.git",
                "reference": "5cd7a1efff091b6e7247a08e57ab39cc418af466"
            },
            "dist": {
                "type": "zip",
                "url": "https://api.github.com/repos/palanik/lumen-cors/zipball/5cd7a1efff091b6e7247a08e57ab39cc418af466",
                "reference": "5cd7a1efff091b6e7247a08e57ab39cc418af466",
                "shasum": ""
            },
            "type": "library",
            "autoload": {
                "psr-4": {
                    "palanik\\lumen\\Middleware\\": "."
                }
            },
            "notification-url": "https://packagist.org/downloads/",
            "license": [
                "MIT"
            ],
            "authors": [
                {
                    "name": "palanik"
                }
            ],
            "description": "Cross-origin resource sharing (CORS) middleware for Lumen micro-framework.",
            "homepage": "https://github.com/palanik/lumen-cors",
            "keywords": [
                "cors",
                "corslumen",
                "cross-origin",
                "laravel",
                "lumen",
                "lumencors",
                "preflight"
            ],
            "time": "2017-06-24 03:53:36"
        }
    ],
    "packages-dev": [],
    "aliases": [],
    "minimum-stability": "stable",
    "stability-flags": {
        "palanik/lumen-cors": 20
    },
    "prefer-stable": false,
    "prefer-lowest": false,
    "platform": [],
    "platform-dev": []
}
